// !$*UTF8*$!
{
	archiveVersion = 1;
	classes = {
	};
	objectVersion = 50;
	objects = {

/* Begin PBXBuildFile section */
		4AA94671A8A5B12F79FE5BE0 /* Pods_share.framework in Frameworks */ = {isa = PBXBuildFile; fileRef = B1D0A233ED136D1FA6229DFE /* Pods_share.framework */; };
		CF07FC6320FECC890028C98C /* libWeChatSDK.a in Frameworks */ = {isa = PBXBuildFile; fileRef = CF72E1F120FDD58200DF3684 /* libWeChatSDK.a */; };
		CF07FC6C20FECD870028C98C /* RPlatform.swift in Sources */ = {isa = PBXBuildFile; fileRef = CF07FC6920FECD870028C98C /* RPlatform.swift */; };
		CF07FC6D20FECD870028C98C /* RShare.swift in Sources */ = {isa = PBXBuildFile; fileRef = CF07FC6B20FECD870028C98C /* RShare.swift */; };
		CF07FC7320FECDA00028C98C /* WeiboSDK.bundle in Resources */ = {isa = PBXBuildFile; fileRef = CF07FC6F20FECDA00028C98C /* WeiboSDK.bundle */; };
		CF07FC7420FECDA00028C98C /* libWeiboSDK.a in Frameworks */ = {isa = PBXBuildFile; fileRef = CF07FC7020FECDA00028C98C /* libWeiboSDK.a */; };
		CF07FC7620FECDDB0028C98C /* TencentOpenAPI.framework in Frameworks */ = {isa = PBXBuildFile; fileRef = CF07FC7520FECDDB0028C98C /* TencentOpenAPI.framework */; };
		CF07FC7820FECF340028C98C /* Photos.framework in Frameworks */ = {isa = PBXBuildFile; fileRef = CF07FC7720FECF330028C98C /* Photos.framework */; };
		CF07FC7A20FECF410028C98C /* AssetsLibrary.framework in Frameworks */ = {isa = PBXBuildFile; fileRef = CF07FC7920FECF410028C98C /* AssetsLibrary.framework */; };
		CF07FC7C20FED2710028C98C /* RWechatManager.swift in Sources */ = {isa = PBXBuildFile; fileRef = CF07FC7B20FED2710028C98C /* RWechatManager.swift */; };
		CF07FC7E20FEDE2E0028C98C /* RWechatHelper.swift in Sources */ = {isa = PBXBuildFile; fileRef = CF07FC7D20FEDE2E0028C98C /* RWechatHelper.swift */; };
		CF07FC8320FF1DB00028C98C /* ca.mp4 in Resources */ = {isa = PBXBuildFile; fileRef = CF07FC8020FF1DB00028C98C /* ca.mp4 */; };
		CF07FC8420FF1DB00028C98C /* Liberation.pdf in Resources */ = {isa = PBXBuildFile; fileRef = CF07FC8120FF1DB00028C98C /* Liberation.pdf */; };
		CF07FC8520FF1DB00028C98C /* list.docx in Resources */ = {isa = PBXBuildFile; fileRef = CF07FC8220FF1DB00028C98C /* list.docx */; };
		CF07FC8820FF29FD0028C98C /* RSinaWeiboManager.swift in Sources */ = {isa = PBXBuildFile; fileRef = CF07FC8720FF29FD0028C98C /* RSinaWeiboManager.swift */; };
		CF72E1F920FDD62500DF3684 /* SystemConfiguration.framework in Frameworks */ = {isa = PBXBuildFile; fileRef = CF72E1F820FDD62500DF3684 /* SystemConfiguration.framework */; };
		CF72E1FB20FDD63300DF3684 /* libz.tbd in Frameworks */ = {isa = PBXBuildFile; fileRef = CF72E1FA20FDD63300DF3684 /* libz.tbd */; };
		CF72E1FD20FDD64300DF3684 /* libsqlite3.0.tbd in Frameworks */ = {isa = PBXBuildFile; fileRef = CF72E1FC20FDD64300DF3684 /* libsqlite3.0.tbd */; };
		CF72E1FF20FDD66B00DF3684 /* libc++.tbd in Frameworks */ = {isa = PBXBuildFile; fileRef = CF72E1FE20FDD66B00DF3684 /* libc++.tbd */; };
		CF72E20120FDD69300DF3684 /* Security.framework in Frameworks */ = {isa = PBXBuildFile; fileRef = CF72E20020FDD69300DF3684 /* Security.framework */; };
		CF72E20320FDD6A100DF3684 /* CoreTelephony.framework in Frameworks */ = {isa = PBXBuildFile; fileRef = CF72E20220FDD6A000DF3684 /* CoreTelephony.framework */; };
		CF72E20520FDD6B200DF3684 /* CFNetwork.framework in Frameworks */ = {isa = PBXBuildFile; fileRef = CF72E20420FDD6B200DF3684 /* CFNetwork.framework */; };
		CF80D15D21001F6400711D45 /* RQqManager.swift in Sources */ = {isa = PBXBuildFile; fileRef = CF80D15C21001F6400711D45 /* RQqManager.swift */; };
		CF80D15F21002A2A00711D45 /* RQqHelper.swift in Sources */ = {isa = PBXBuildFile; fileRef = CF80D15E21002A2A00711D45 /* RQqHelper.swift */; };
		CFA077EF20E3E2280058018D /* AppDelegate.swift in Sources */ = {isa = PBXBuildFile; fileRef = CFA077EE20E3E2280058018D /* AppDelegate.swift */; };
		CFA077F120E3E2280058018D /* ViewController.swift in Sources */ = {isa = PBXBuildFile; fileRef = CFA077F020E3E2280058018D /* ViewController.swift */; };
		CFA077F420E3E2280058018D /* Main.storyboard in Resources */ = {isa = PBXBuildFile; fileRef = CFA077F220E3E2280058018D /* Main.storyboard */; };
		CFA077F620E3E22A0058018D /* Assets.xcassets in Resources */ = {isa = PBXBuildFile; fileRef = CFA077F520E3E22A0058018D /* Assets.xcassets */; };
		CFA077F920E3E22A0058018D /* LaunchScreen.storyboard in Resources */ = {isa = PBXBuildFile; fileRef = CFA077F720E3E22A0058018D /* LaunchScreen.storyboard */; };
		CFA0780420E3E22A0058018D /* shareUITests.swift in Sources */ = {isa = PBXBuildFile; fileRef = CFA0780320E3E22A0058018D /* shareUITests.swift */; };
/* End PBXBuildFile section */

/* Begin PBXContainerItemProxy section */
		CFA0780020E3E22A0058018D /* PBXContainerItemProxy */ = {
			isa = PBXContainerItemProxy;
			containerPortal = CFA077E320E3E2280058018D /* Project object */;
			proxyType = 1;
			remoteGlobalIDString = CFA077EA20E3E2280058018D;
			remoteInfo = share;
		};
/* End PBXContainerItemProxy section */

/* Begin PBXCopyFilesBuildPhase section */
		CFF0819920FD910B000F5D6D /* Embed Frameworks */ = {
			isa = PBXCopyFilesBuildPhase;
			buildActionMask = 2147483647;
			dstPath = "";
			dstSubfolderSpec = 10;
			files = (
			);
			name = "Embed Frameworks";
			runOnlyForDeploymentPostprocessing = 0;
		};
/* End PBXCopyFilesBuildPhase section */

/* Begin PBXFileReference section */
		0892D6C34671A30DCF11C1AA /* Pods-sharekit.debug.xcconfig */ = {isa = PBXFileReference; includeInIndex = 1; lastKnownFileType = text.xcconfig; name = "Pods-sharekit.debug.xcconfig"; path = "Pods/Target Support Files/Pods-sharekit/Pods-sharekit.debug.xcconfig"; sourceTree = "<group>"; };
		44D4F4E124A1BA88BFACB138 /* Pods-share.debug.xcconfig */ = {isa = PBXFileReference; includeInIndex = 1; lastKnownFileType = text.xcconfig; name = "Pods-share.debug.xcconfig"; path = "Pods/Target Support Files/Pods-share/Pods-share.debug.xcconfig"; sourceTree = "<group>"; };
		501E8DEFB638E46CB77119C5 /* Pods-share.release.xcconfig */ = {isa = PBXFileReference; includeInIndex = 1; lastKnownFileType = text.xcconfig; name = "Pods-share.release.xcconfig"; path = "Pods/Target Support Files/Pods-share/Pods-share.release.xcconfig"; sourceTree = "<group>"; };
		695A892D7ABF136A861558D8 /* Pods-sharekit.release.xcconfig */ = {isa = PBXFileReference; includeInIndex = 1; lastKnownFileType = text.xcconfig; name = "Pods-sharekit.release.xcconfig"; path = "Pods/Target Support Files/Pods-sharekit/Pods-sharekit.release.xcconfig"; sourceTree = "<group>"; };
		B1D0A233ED136D1FA6229DFE /* Pods_share.framework */ = {isa = PBXFileReference; explicitFileType = wrapper.framework; includeInIndex = 0; path = Pods_share.framework; sourceTree = BUILT_PRODUCTS_DIR; };
		CF07FC6920FECD870028C98C /* RPlatform.swift */ = {isa = PBXFileReference; fileEncoding = 4; lastKnownFileType = sourcecode.swift; path = RPlatform.swift; sourceTree = "<group>"; };
		CF07FC6B20FECD870028C98C /* RShare.swift */ = {isa = PBXFileReference; fileEncoding = 4; lastKnownFileType = sourcecode.swift; path = RShare.swift; sourceTree = "<group>"; };
		CF07FC6F20FECDA00028C98C /* WeiboSDK.bundle */ = {isa = PBXFileReference; lastKnownFileType = "wrapper.plug-in"; path = WeiboSDK.bundle; sourceTree = "<group>"; };
		CF07FC7020FECDA00028C98C /* libWeiboSDK.a */ = {isa = PBXFileReference; lastKnownFileType = archive.ar; path = libWeiboSDK.a; sourceTree = "<group>"; };
		CF07FC7120FECDA00028C98C /* WBHttpRequest.h */ = {isa = PBXFileReference; fileEncoding = 4; lastKnownFileType = sourcecode.c.h; path = WBHttpRequest.h; sourceTree = "<group>"; };
		CF07FC7220FECDA00028C98C /* WeiboSDK.h */ = {isa = PBXFileReference; fileEncoding = 4; lastKnownFileType = sourcecode.c.h; path = WeiboSDK.h; sourceTree = "<group>"; };
		CF07FC7520FECDDB0028C98C /* TencentOpenAPI.framework */ = {isa = PBXFileReference; lastKnownFileType = wrapper.framework; name = TencentOpenAPI.framework; path = thirdSdk/TencentOpenAPI.framework; sourceTree = "<group>"; };
		CF07FC7720FECF330028C98C /* Photos.framework */ = {isa = PBXFileReference; lastKnownFileType = wrapper.framework; name = Photos.framework; path = System/Library/Frameworks/Photos.framework; sourceTree = SDKROOT; };
		CF07FC7920FECF410028C98C /* AssetsLibrary.framework */ = {isa = PBXFileReference; lastKnownFileType = wrapper.framework; name = AssetsLibrary.framework; path = System/Library/Frameworks/AssetsLibrary.framework; sourceTree = SDKROOT; };
		CF07FC7B20FED2710028C98C /* RWechatManager.swift */ = {isa = PBXFileReference; lastKnownFileType = sourcecode.swift; path = RWechatManager.swift; sourceTree = "<group>"; };
		CF07FC7D20FEDE2E0028C98C /* RWechatHelper.swift */ = {isa = PBXFileReference; lastKnownFileType = sourcecode.swift; path = RWechatHelper.swift; sourceTree = "<group>"; };
		CF07FC8020FF1DB00028C98C /* ca.mp4 */ = {isa = PBXFileReference; lastKnownFileType = file; path = ca.mp4; sourceTree = "<group>"; };
		CF07FC8120FF1DB00028C98C /* Liberation.pdf */ = {isa = PBXFileReference; lastKnownFileType = image.pdf; path = Liberation.pdf; sourceTree = "<group>"; };
		CF07FC8220FF1DB00028C98C /* list.docx */ = {isa = PBXFileReference; lastKnownFileType = file; path = list.docx; sourceTree = "<group>"; };
		CF07FC8720FF29FD0028C98C /* RSinaWeiboManager.swift */ = {isa = PBXFileReference; lastKnownFileType = sourcecode.swift; path = RSinaWeiboManager.swift; sourceTree = "<group>"; };
		CF72E1E820FDD48F00DF3684 /* TwitterKitResources.bundle */ = {isa = PBXFileReference; lastKnownFileType = "wrapper.plug-in"; name = TwitterKitResources.bundle; path = TwitterKit.framework/TwitterKitResources.bundle; sourceTree = "<group>"; };
		CF72E1E920FDD48F00DF3684 /* TwitterKit.framework */ = {isa = PBXFileReference; lastKnownFileType = wrapper.framework; path = TwitterKit.framework; sourceTree = "<group>"; };
		CF72E1EA20FDD49000DF3684 /* TwitterCore.framework */ = {isa = PBXFileReference; lastKnownFileType = wrapper.framework; path = TwitterCore.framework; sourceTree = "<group>"; };
		CF72E1EE20FDD58100DF3684 /* WXApiObject.h */ = {isa = PBXFileReference; fileEncoding = 4; lastKnownFileType = sourcecode.c.h; name = WXApiObject.h; path = thirdSdk/WXApiObject.h; sourceTree = "<group>"; };
		CF72E1EF20FDD58200DF3684 /* WechatAuthSDK.h */ = {isa = PBXFileReference; fileEncoding = 4; lastKnownFileType = sourcecode.c.h; name = WechatAuthSDK.h; path = thirdSdk/WechatAuthSDK.h; sourceTree = "<group>"; };
		CF72E1F020FDD58200DF3684 /* README.txt */ = {isa = PBXFileReference; fileEncoding = 4; lastKnownFileType = text; name = README.txt; path = thirdSdk/README.txt; sourceTree = "<group>"; };
		CF72E1F120FDD58200DF3684 /* libWeChatSDK.a */ = {isa = PBXFileReference; lastKnownFileType = archive.ar; name = libWeChatSDK.a; path = thirdSdk/libWeChatSDK.a; sourceTree = "<group>"; };
		CF72E1F220FDD58200DF3684 /* WXApi.h */ = {isa = PBXFileReference; fileEncoding = 4; lastKnownFileType = sourcecode.c.h; name = WXApi.h; path = thirdSdk/WXApi.h; sourceTree = "<group>"; };
		CF72E1F820FDD62500DF3684 /* SystemConfiguration.framework */ = {isa = PBXFileReference; lastKnownFileType = wrapper.framework; name = SystemConfiguration.framework; path = System/Library/Frameworks/SystemConfiguration.framework; sourceTree = SDKROOT; };
		CF72E1FA20FDD63300DF3684 /* libz.tbd */ = {isa = PBXFileReference; lastKnownFileType = "sourcecode.text-based-dylib-definition"; name = libz.tbd; path = usr/lib/libz.tbd; sourceTree = SDKROOT; };
		CF72E1FC20FDD64300DF3684 /* libsqlite3.0.tbd */ = {isa = PBXFileReference; lastKnownFileType = "sourcecode.text-based-dylib-definition"; name = libsqlite3.0.tbd; path = usr/lib/libsqlite3.0.tbd; sourceTree = SDKROOT; };
		CF72E1FE20FDD66B00DF3684 /* libc++.tbd */ = {isa = PBXFileReference; lastKnownFileType = "sourcecode.text-based-dylib-definition"; name = "libc++.tbd"; path = "usr/lib/libc++.tbd"; sourceTree = SDKROOT; };
		CF72E20020FDD69300DF3684 /* Security.framework */ = {isa = PBXFileReference; lastKnownFileType = wrapper.framework; name = Security.framework; path = System/Library/Frameworks/Security.framework; sourceTree = SDKROOT; };
		CF72E20220FDD6A000DF3684 /* CoreTelephony.framework */ = {isa = PBXFileReference; lastKnownFileType = wrapper.framework; name = CoreTelephony.framework; path = System/Library/Frameworks/CoreTelephony.framework; sourceTree = SDKROOT; };
		CF72E20420FDD6B200DF3684 /* CFNetwork.framework */ = {isa = PBXFileReference; lastKnownFileType = wrapper.framework; name = CFNetwork.framework; path = System/Library/Frameworks/CFNetwork.framework; sourceTree = SDKROOT; };
		CF72E20E20FDDDA000DF3684 /* Bridge-Header.h */ = {isa = PBXFileReference; fileEncoding = 4; lastKnownFileType = sourcecode.c.h; path = "Bridge-Header.h"; sourceTree = "<group>"; };
		CF80D15C21001F6400711D45 /* RQqManager.swift */ = {isa = PBXFileReference; lastKnownFileType = sourcecode.swift; path = RQqManager.swift; sourceTree = "<group>"; };
		CF80D15E21002A2A00711D45 /* RQqHelper.swift */ = {isa = PBXFileReference; lastKnownFileType = sourcecode.swift; path = RQqHelper.swift; sourceTree = "<group>"; };
		CFA077EB20E3E2280058018D /* share.app */ = {isa = PBXFileReference; explicitFileType = wrapper.application; includeInIndex = 0; path = share.app; sourceTree = BUILT_PRODUCTS_DIR; };
		CFA077EE20E3E2280058018D /* AppDelegate.swift */ = {isa = PBXFileReference; lastKnownFileType = sourcecode.swift; path = AppDelegate.swift; sourceTree = "<group>"; };
		CFA077F020E3E2280058018D /* ViewController.swift */ = {isa = PBXFileReference; lastKnownFileType = sourcecode.swift; path = ViewController.swift; sourceTree = "<group>"; };
		CFA077F320E3E2280058018D /* Base */ = {isa = PBXFileReference; lastKnownFileType = file.storyboard; name = Base; path = Base.lproj/Main.storyboard; sourceTree = "<group>"; };
		CFA077F520E3E22A0058018D /* Assets.xcassets */ = {isa = PBXFileReference; lastKnownFileType = folder.assetcatalog; path = Assets.xcassets; sourceTree = "<group>"; };
		CFA077F820E3E22A0058018D /* Base */ = {isa = PBXFileReference; lastKnownFileType = file.storyboard; name = Base; path = Base.lproj/LaunchScreen.storyboard; sourceTree = "<group>"; };
		CFA077FA20E3E22A0058018D /* Info.plist */ = {isa = PBXFileReference; lastKnownFileType = text.plist.xml; path = Info.plist; sourceTree = "<group>"; };
		CFA077FF20E3E22A0058018D /* shareUITests.xctest */ = {isa = PBXFileReference; explicitFileType = wrapper.cfbundle; includeInIndex = 0; path = shareUITests.xctest; sourceTree = BUILT_PRODUCTS_DIR; };
		CFA0780320E3E22A0058018D /* shareUITests.swift */ = {isa = PBXFileReference; lastKnownFileType = sourcecode.swift; path = shareUITests.swift; sourceTree = "<group>"; };
		CFA0780520E3E22B0058018D /* Info.plist */ = {isa = PBXFileReference; lastKnownFileType = text.plist.xml; path = Info.plist; sourceTree = "<group>"; };
		D41C7A60538DE066FBB32D52 /* Pods_sharekit.framework */ = {isa = PBXFileReference; explicitFileType = wrapper.framework; includeInIndex = 0; path = Pods_sharekit.framework; sourceTree = BUILT_PRODUCTS_DIR; };
/* End PBXFileReference section */

/* Begin PBXFrameworksBuildPhase section */
		CFA077E820E3E2280058018D /* Frameworks */ = {
			isa = PBXFrameworksBuildPhase;
			buildActionMask = 2147483647;
			files = (
				CF07FC7A20FECF410028C98C /* AssetsLibrary.framework in Frameworks */,
				CF07FC7820FECF340028C98C /* Photos.framework in Frameworks */,
				CF07FC6320FECC890028C98C /* libWeChatSDK.a in Frameworks */,
				CF72E20520FDD6B200DF3684 /* CFNetwork.framework in Frameworks */,
				CF72E20320FDD6A100DF3684 /* CoreTelephony.framework in Frameworks */,
				CF72E20120FDD69300DF3684 /* Security.framework in Frameworks */,
				CF72E1FF20FDD66B00DF3684 /* libc++.tbd in Frameworks */,
				CF07FC7420FECDA00028C98C /* libWeiboSDK.a in Frameworks */,
				CF72E1FD20FDD64300DF3684 /* libsqlite3.0.tbd in Frameworks */,
				CF72E1FB20FDD63300DF3684 /* libz.tbd in Frameworks */,
				CF07FC7620FECDDB0028C98C /* TencentOpenAPI.framework in Frameworks */,
				CF72E1F920FDD62500DF3684 /* SystemConfiguration.framework in Frameworks */,
				4AA94671A8A5B12F79FE5BE0 /* Pods_share.framework in Frameworks */,
			);
			runOnlyForDeploymentPostprocessing = 0;
		};
		CFA077FC20E3E22A0058018D /* Frameworks */ = {
			isa = PBXFrameworksBuildPhase;
			buildActionMask = 2147483647;
			files = (
			);
			runOnlyForDeploymentPostprocessing = 0;
		};
/* End PBXFrameworksBuildPhase section */

/* Begin PBXGroup section */
		6260FF85D91CD02E2F1B0C15 /* Pods */ = {
			isa = PBXGroup;
			children = (
				44D4F4E124A1BA88BFACB138 /* Pods-share.debug.xcconfig */,
				501E8DEFB638E46CB77119C5 /* Pods-share.release.xcconfig */,
				0892D6C34671A30DCF11C1AA /* Pods-sharekit.debug.xcconfig */,
				695A892D7ABF136A861558D8 /* Pods-sharekit.release.xcconfig */,
			);
			name = Pods;
			sourceTree = "<group>";
		};
		CF07FC6820FECD870028C98C /* sharekit */ = {
			isa = PBXGroup;
			children = (
				CF80D15B21001F4700711D45 /* qq */,
				CF07FC8620FF29E40028C98C /* sina */,
				CF07FC6A20FECD870028C98C /* wechat */,
				CF07FC6B20FECD870028C98C /* RShare.swift */,
				CF07FC6920FECD870028C98C /* RPlatform.swift */,
			);
			path = sharekit;
			sourceTree = "<group>";
		};
		CF07FC6A20FECD870028C98C /* wechat */ = {
			isa = PBXGroup;
			children = (
				CF07FC7B20FED2710028C98C /* RWechatManager.swift */,
				CF07FC7D20FEDE2E0028C98C /* RWechatHelper.swift */,
			);
			path = wechat;
			sourceTree = "<group>";
		};
		CF07FC6E20FECDA00028C98C /* libWeiboSDK */ = {
			isa = PBXGroup;
			children = (
				CF07FC6F20FECDA00028C98C /* WeiboSDK.bundle */,
				CF07FC7020FECDA00028C98C /* libWeiboSDK.a */,
				CF07FC7120FECDA00028C98C /* WBHttpRequest.h */,
				CF07FC7220FECDA00028C98C /* WeiboSDK.h */,
			);
			name = libWeiboSDK;
			path = thirdSdk/libWeiboSDK;
			sourceTree = "<group>";
		};
		CF07FC7F20FF1DB00028C98C /* resource */ = {
			isa = PBXGroup;
			children = (
				CF07FC8020FF1DB00028C98C /* ca.mp4 */,
				CF07FC8120FF1DB00028C98C /* Liberation.pdf */,
				CF07FC8220FF1DB00028C98C /* list.docx */,
			);
			path = resource;
			sourceTree = "<group>";
		};
		CF07FC8620FF29E40028C98C /* sina */ = {
			isa = PBXGroup;
			children = (
				CF07FC8720FF29FD0028C98C /* RSinaWeiboManager.swift */,
			);
			path = sina;
			sourceTree = "<group>";
		};
		CF80D15B21001F4700711D45 /* qq */ = {
			isa = PBXGroup;
			children = (
				CF80D15C21001F6400711D45 /* RQqManager.swift */,
				CF80D15E21002A2A00711D45 /* RQqHelper.swift */,
			);
			path = qq;
			sourceTree = "<group>";
		};
		CFA077E220E3E2280058018D = {
			isa = PBXGroup;
			children = (
				CF07FC6820FECD870028C98C /* sharekit */,
				CFA077ED20E3E2280058018D /* share */,
				CFA0780220E3E22A0058018D /* shareUITests */,
				CFA077EC20E3E2280058018D /* Products */,
				6260FF85D91CD02E2F1B0C15 /* Pods */,
				E5A0906A306A9995F7A10ECA /* Frameworks */,
			);
			sourceTree = "<group>";
		};
		CFA077EC20E3E2280058018D /* Products */ = {
			isa = PBXGroup;
			children = (
				CFA077EB20E3E2280058018D /* share.app */,
				CFA077FF20E3E22A0058018D /* shareUITests.xctest */,
			);
			name = Products;
			sourceTree = "<group>";
		};
		CFA077ED20E3E2280058018D /* share */ = {
			isa = PBXGroup;
			children = (
				CF07FC7F20FF1DB00028C98C /* resource */,
				CF72E20E20FDDDA000DF3684 /* Bridge-Header.h */,
				CFA077EE20E3E2280058018D /* AppDelegate.swift */,
				CFA077F020E3E2280058018D /* ViewController.swift */,
				CFA077F220E3E2280058018D /* Main.storyboard */,
				CFA077F520E3E22A0058018D /* Assets.xcassets */,
				CFA077F720E3E22A0058018D /* LaunchScreen.storyboard */,
				CFA077FA20E3E22A0058018D /* Info.plist */,
			);
			path = share;
			sourceTree = "<group>";
		};
		CFA0780220E3E22A0058018D /* shareUITests */ = {
			isa = PBXGroup;
			children = (
				CFA0780320E3E22A0058018D /* shareUITests.swift */,
				CFA0780520E3E22B0058018D /* Info.plist */,
			);
			path = shareUITests;
			sourceTree = "<group>";
		};
		E5A0906A306A9995F7A10ECA /* Frameworks */ = {
			isa = PBXGroup;
			children = (
				CF07FC7920FECF410028C98C /* AssetsLibrary.framework */,
				CF07FC7720FECF330028C98C /* Photos.framework */,
				CF07FC7520FECDDB0028C98C /* TencentOpenAPI.framework */,
				CF07FC6E20FECDA00028C98C /* libWeiboSDK */,
				CF72E20420FDD6B200DF3684 /* CFNetwork.framework */,
				CF72E20220FDD6A000DF3684 /* CoreTelephony.framework */,
				CF72E20020FDD69300DF3684 /* Security.framework */,
				CF72E1FE20FDD66B00DF3684 /* libc++.tbd */,
				CF72E1FC20FDD64300DF3684 /* libsqlite3.0.tbd */,
				CF72E1FA20FDD63300DF3684 /* libz.tbd */,
				CF72E1F820FDD62500DF3684 /* SystemConfiguration.framework */,
				CF72E1F120FDD58200DF3684 /* libWeChatSDK.a */,
				CF72E1F020FDD58200DF3684 /* README.txt */,
				CF72E1EF20FDD58200DF3684 /* WechatAuthSDK.h */,
				CF72E1F220FDD58200DF3684 /* WXApi.h */,
				CF72E1EE20FDD58100DF3684 /* WXApiObject.h */,
				CF72E1EA20FDD49000DF3684 /* TwitterCore.framework */,
				CF72E1E920FDD48F00DF3684 /* TwitterKit.framework */,
				CF72E1E820FDD48F00DF3684 /* TwitterKitResources.bundle */,
				B1D0A233ED136D1FA6229DFE /* Pods_share.framework */,
				D41C7A60538DE066FBB32D52 /* Pods_sharekit.framework */,
			);
			name = Frameworks;
			sourceTree = "<group>";
		};
/* End PBXGroup section */

/* Begin PBXNativeTarget section */
		CFA077EA20E3E2280058018D /* share */ = {
			isa = PBXNativeTarget;
			buildConfigurationList = CFA0780820E3E22B0058018D /* Build configuration list for PBXNativeTarget "share" */;
			buildPhases = (
				D780738EE2B47D8BDACDC6FD /* [CP] Check Pods Manifest.lock */,
				CFA077E720E3E2280058018D /* Sources */,
				CFA077E820E3E2280058018D /* Frameworks */,
				CFA077E920E3E2280058018D /* Resources */,
				CFF0819920FD910B000F5D6D /* Embed Frameworks */,
				65035BBBAA4DA19AF6A8FEA8 /* [CP] Embed Pods Frameworks */,
			);
			buildRules = (
			);
			dependencies = (
			);
			name = share;
			productName = share;
			productReference = CFA077EB20E3E2280058018D /* share.app */;
			productType = "com.apple.product-type.application";
		};
		CFA077FE20E3E22A0058018D /* shareUITests */ = {
			isa = PBXNativeTarget;
			buildConfigurationList = CFA0780B20E3E22B0058018D /* Build configuration list for PBXNativeTarget "shareUITests" */;
			buildPhases = (
				CFA077FB20E3E22A0058018D /* Sources */,
				CFA077FC20E3E22A0058018D /* Frameworks */,
				CFA077FD20E3E22A0058018D /* Resources */,
			);
			buildRules = (
			);
			dependencies = (
				CFA0780120E3E22A0058018D /* PBXTargetDependency */,
			);
			name = shareUITests;
			productName = shareUITests;
			productReference = CFA077FF20E3E22A0058018D /* shareUITests.xctest */;
			productType = "com.apple.product-type.bundle.ui-testing";
		};
/* End PBXNativeTarget section */

/* Begin PBXProject section */
		CFA077E320E3E2280058018D /* Project object */ = {
			isa = PBXProject;
			attributes = {
				LastSwiftUpdateCheck = 0940;
				LastUpgradeCheck = 0940;
				ORGANIZATIONNAME = rex;
				TargetAttributes = {
					CFA077EA20E3E2280058018D = {
						CreatedOnToolsVersion = 9.4;
					};
					CFA077FE20E3E22A0058018D = {
						CreatedOnToolsVersion = 9.4;
						TestTargetID = CFA077EA20E3E2280058018D;
					};
				};
			};
			buildConfigurationList = CFA077E620E3E2280058018D /* Build configuration list for PBXProject "share" */;
			compatibilityVersion = "Xcode 9.3";
			developmentRegion = en;
			hasScannedForEncodings = 0;
			knownRegions = (
				en,
				Base,
			);
			mainGroup = CFA077E220E3E2280058018D;
			productRefGroup = CFA077EC20E3E2280058018D /* Products */;
			projectDirPath = "";
			projectRoot = "";
			targets = (
				CFA077EA20E3E2280058018D /* share */,
				CFA077FE20E3E22A0058018D /* shareUITests */,
			);
		};
/* End PBXProject section */

/* Begin PBXResourcesBuildPhase section */
		CFA077E920E3E2280058018D /* Resources */ = {
			isa = PBXResourcesBuildPhase;
			buildActionMask = 2147483647;
			files = (
				CF07FC8320FF1DB00028C98C /* ca.mp4 in Resources */,
				CF07FC8420FF1DB00028C98C /* Liberation.pdf in Resources */,
				CFA077F920E3E22A0058018D /* LaunchScreen.storyboard in Resources */,
				CFA077F620E3E22A0058018D /* Assets.xcassets in Resources */,
				CFA077F420E3E2280058018D /* Main.storyboard in Resources */,
				CF07FC7320FECDA00028C98C /* WeiboSDK.bundle in Resources */,
				CF07FC8520FF1DB00028C98C /* list.docx in Resources */,
			);
			runOnlyForDeploymentPostprocessing = 0;
		};
		CFA077FD20E3E22A0058018D /* Resources */ = {
			isa = PBXResourcesBuildPhase;
			buildActionMask = 2147483647;
			files = (
			);
			runOnlyForDeploymentPostprocessing = 0;
		};
/* End PBXResourcesBuildPhase section */

/* Begin PBXShellScriptBuildPhase section */
		65035BBBAA4DA19AF6A8FEA8 /* [CP] Embed Pods Frameworks */ = {
			isa = PBXShellScriptBuildPhase;
			buildActionMask = 2147483647;
			files = (
			);
			inputPaths = (
				"${SRCROOT}/Pods/Target Support Files/Pods-share/Pods-share-frameworks.sh",
				"${BUILT_PRODUCTS_DIR}/Bolts/Bolts.framework",
				"${BUILT_PRODUCTS_DIR}/FBSDKCoreKit/FBSDKCoreKit.framework",
				"${BUILT_PRODUCTS_DIR}/FBSDKShareKit/FBSDKShareKit.framework",
				"${BUILT_PRODUCTS_DIR}/Flurry-iOS-SDK/Flurry_iOS_SDK.framework",
			);
			name = "[CP] Embed Pods Frameworks";
			outputPaths = (
				"${TARGET_BUILD_DIR}/${FRAMEWORKS_FOLDER_PATH}/Bolts.framework",
				"${TARGET_BUILD_DIR}/${FRAMEWORKS_FOLDER_PATH}/FBSDKCoreKit.framework",
				"${TARGET_BUILD_DIR}/${FRAMEWORKS_FOLDER_PATH}/FBSDKShareKit.framework",
				"${TARGET_BUILD_DIR}/${FRAMEWORKS_FOLDER_PATH}/Flurry_iOS_SDK.framework",
			);
			runOnlyForDeploymentPostprocessing = 0;
			shellPath = /bin/sh;
			shellScript = "\"${SRCROOT}/Pods/Target Support Files/Pods-share/Pods-share-frameworks.sh\"\n";
			showEnvVarsInLog = 0;
		};
		D780738EE2B47D8BDACDC6FD /* [CP] Check Pods Manifest.lock */ = {
			isa = PBXShellScriptBuildPhase;
			buildActionMask = 2147483647;
			files = (
			);
			inputPaths = (
				"${PODS_PODFILE_DIR_PATH}/Podfile.lock",
				"${PODS_ROOT}/Manifest.lock",
			);
			name = "[CP] Check Pods Manifest.lock";
			outputPaths = (
				"$(DERIVED_FILE_DIR)/Pods-share-checkManifestLockResult.txt",
			);
			runOnlyForDeploymentPostprocessing = 0;
			shellPath = /bin/sh;
			shellScript = "diff \"${PODS_PODFILE_DIR_PATH}/Podfile.lock\" \"${PODS_ROOT}/Manifest.lock\" > /dev/null\nif [ $? != 0 ] ; then\n    # print error to STDERR\n    echo \"error: The sandbox is not in sync with the Podfile.lock. Run 'pod install' or update your CocoaPods installation.\" >&2\n    exit 1\nfi\n# This output is used by Xcode 'outputs' to avoid re-running this script phase.\necho \"SUCCESS\" > \"${SCRIPT_OUTPUT_FILE_0}\"\n";
			showEnvVarsInLog = 0;
		};
/* End PBXShellScriptBuildPhase section */

/* Begin PBXSourcesBuildPhase section */
		CFA077E720E3E2280058018D /* Sources */ = {
			isa = PBXSourcesBuildPhase;
			buildActionMask = 2147483647;
			files = (
				CF80D15F21002A2A00711D45 /* RQqHelper.swift in Sources */,
				CF07FC7E20FEDE2E0028C98C /* RWechatHelper.swift in Sources */,
				CF07FC7C20FED2710028C98C /* RWechatManager.swift in Sources */,
				CF80D15D21001F6400711D45 /* RQqManager.swift in Sources */,
				CF07FC8820FF29FD0028C98C /* RSinaWeiboManager.swift in Sources */,
				CF07FC6D20FECD870028C98C /* RShare.swift in Sources */,
				CF07FC6C20FECD870028C98C /* RPlatform.swift in Sources */,
				CFA077F120E3E2280058018D /* ViewController.swift in Sources */,
				CFA077EF20E3E2280058018D /* AppDelegate.swift in Sources */,
			);
			runOnlyForDeploymentPostprocessing = 0;
		};
		CFA077FB20E3E22A0058018D /* Sources */ = {
			isa = PBXSourcesBuildPhase;
			buildActionMask = 2147483647;
			files = (
				CFA0780420E3E22A0058018D /* shareUITests.swift in Sources */,
			);
			runOnlyForDeploymentPostprocessing = 0;
		};
/* End PBXSourcesBuildPhase section */

/* Begin PBXTargetDependency section */
		CFA0780120E3E22A0058018D /* PBXTargetDependency */ = {
			isa = PBXTargetDependency;
			target = CFA077EA20E3E2280058018D /* share */;
			targetProxy = CFA0780020E3E22A0058018D /* PBXContainerItemProxy */;
		};
/* End PBXTargetDependency section */

/* Begin PBXVariantGroup section */
		CFA077F220E3E2280058018D /* Main.storyboard */ = {
			isa = PBXVariantGroup;
			children = (
				CFA077F320E3E2280058018D /* Base */,
			);
			name = Main.storyboard;
			sourceTree = "<group>";
		};
		CFA077F720E3E22A0058018D /* LaunchScreen.storyboard */ = {
			isa = PBXVariantGroup;
			children = (
				CFA077F820E3E22A0058018D /* Base */,
			);
			name = LaunchScreen.storyboard;
			sourceTree = "<group>";
		};
/* End PBXVariantGroup section */

/* Begin XCBuildConfiguration section */
		CFA0780620E3E22B0058018D /* Debug */ = {
			isa = XCBuildConfiguration;
			buildSettings = {
				ALWAYS_SEARCH_USER_PATHS = NO;
				CLANG_ANALYZER_NONNULL = YES;
				CLANG_ANALYZER_NUMBER_OBJECT_CONVERSION = YES_AGGRESSIVE;
				CLANG_CXX_LANGUAGE_STANDARD = "gnu++14";
				CLANG_CXX_LIBRARY = "libc++";
				CLANG_ENABLE_MODULES = YES;
				CLANG_ENABLE_OBJC_ARC = YES;
				CLANG_ENABLE_OBJC_WEAK = YES;
				CLANG_WARN_BLOCK_CAPTURE_AUTORELEASING = YES;
				CLANG_WARN_BOOL_CONVERSION = YES;
				CLANG_WARN_COMMA = YES;
				CLANG_WARN_CONSTANT_CONVERSION = YES;
				CLANG_WARN_DEPRECATED_OBJC_IMPLEMENTATIONS = YES;
				CLANG_WARN_DIRECT_OBJC_ISA_USAGE = YES_ERROR;
				CLANG_WARN_DOCUMENTATION_COMMENTS = YES;
				CLANG_WARN_EMPTY_BODY = YES;
				CLANG_WARN_ENUM_CONVERSION = YES;
				CLANG_WARN_INFINITE_RECURSION = YES;
				CLANG_WARN_INT_CONVERSION = YES;
				CLANG_WARN_NON_LITERAL_NULL_CONVERSION = YES;
				CLANG_WARN_OBJC_IMPLICIT_RETAIN_SELF = YES;
				CLANG_WARN_OBJC_LITERAL_CONVERSION = YES;
				CLANG_WARN_OBJC_ROOT_CLASS = YES_ERROR;
				CLANG_WARN_RANGE_LOOP_ANALYSIS = YES;
				CLANG_WARN_STRICT_PROTOTYPES = YES;
				CLANG_WARN_SUSPICIOUS_MOVE = YES;
				CLANG_WARN_UNGUARDED_AVAILABILITY = YES_AGGRESSIVE;
				CLANG_WARN_UNREACHABLE_CODE = YES;
				CLANG_WARN__DUPLICATE_METHOD_MATCH = YES;
				CODE_SIGN_IDENTITY = "iPhone Developer";
				COPY_PHASE_STRIP = NO;
				DEBUG_INFORMATION_FORMAT = dwarf;
				ENABLE_STRICT_OBJC_MSGSEND = YES;
				ENABLE_TESTABILITY = YES;
				GCC_C_LANGUAGE_STANDARD = gnu11;
				GCC_DYNAMIC_NO_PIC = NO;
				GCC_NO_COMMON_BLOCKS = YES;
				GCC_OPTIMIZATION_LEVEL = 0;
				GCC_PREPROCESSOR_DEFINITIONS = (
					"DEBUG=1",
					"$(inherited)",
				);
				GCC_WARN_64_TO_32_BIT_CONVERSION = YES;
				GCC_WARN_ABOUT_RETURN_TYPE = YES_ERROR;
				GCC_WARN_UNDECLARED_SELECTOR = YES;
				GCC_WARN_UNINITIALIZED_AUTOS = YES_AGGRESSIVE;
				GCC_WARN_UNUSED_FUNCTION = YES;
				GCC_WARN_UNUSED_VARIABLE = YES;
				IPHONEOS_DEPLOYMENT_TARGET = 11.4;
				MTL_ENABLE_DEBUG_INFO = YES;
				ONLY_ACTIVE_ARCH = YES;
				SDKROOT = iphoneos;
				SWIFT_ACTIVE_COMPILATION_CONDITIONS = DEBUG;
				SWIFT_OPTIMIZATION_LEVEL = "-Onone";
			};
			name = Debug;
		};
		CFA0780720E3E22B0058018D /* Release */ = {
			isa = XCBuildConfiguration;
			buildSettings = {
				ALWAYS_SEARCH_USER_PATHS = NO;
				CLANG_ANALYZER_NONNULL = YES;
				CLANG_ANALYZER_NUMBER_OBJECT_CONVERSION = YES_AGGRESSIVE;
				CLANG_CXX_LANGUAGE_STANDARD = "gnu++14";
				CLANG_CXX_LIBRARY = "libc++";
				CLANG_ENABLE_MODULES = YES;
				CLANG_ENABLE_OBJC_ARC = YES;
				CLANG_ENABLE_OBJC_WEAK = YES;
				CLANG_WARN_BLOCK_CAPTURE_AUTORELEASING = YES;
				CLANG_WARN_BOOL_CONVERSION = YES;
				CLANG_WARN_COMMA = YES;
				CLANG_WARN_CONSTANT_CONVERSION = YES;
				CLANG_WARN_DEPRECATED_OBJC_IMPLEMENTATIONS = YES;
				CLANG_WARN_DIRECT_OBJC_ISA_USAGE = YES_ERROR;
				CLANG_WARN_DOCUMENTATION_COMMENTS = YES;
				CLANG_WARN_EMPTY_BODY = YES;
				CLANG_WARN_ENUM_CONVERSION = YES;
				CLANG_WARN_INFINITE_RECURSION = YES;
				CLANG_WARN_INT_CONVERSION = YES;
				CLANG_WARN_NON_LITERAL_NULL_CONVERSION = YES;
				CLANG_WARN_OBJC_IMPLICIT_RETAIN_SELF = YES;
				CLANG_WARN_OBJC_LITERAL_CONVERSION = YES;
				CLANG_WARN_OBJC_ROOT_CLASS = YES_ERROR;
				CLANG_WARN_RANGE_LOOP_ANALYSIS = YES;
				CLANG_WARN_STRICT_PROTOTYPES = YES;
				CLANG_WARN_SUSPICIOUS_MOVE = YES;
				CLANG_WARN_UNGUARDED_AVAILABILITY = YES_AGGRESSIVE;
				CLANG_WARN_UNREACHABLE_CODE = YES;
				CLANG_WARN__DUPLICATE_METHOD_MATCH = YES;
				CODE_SIGN_IDENTITY = "iPhone Developer";
				COPY_PHASE_STRIP = NO;
				DEBUG_INFORMATION_FORMAT = "dwarf-with-dsym";
				ENABLE_NS_ASSERTIONS = NO;
				ENABLE_STRICT_OBJC_MSGSEND = YES;
				GCC_C_LANGUAGE_STANDARD = gnu11;
				GCC_NO_COMMON_BLOCKS = YES;
				GCC_WARN_64_TO_32_BIT_CONVERSION = YES;
				GCC_WARN_ABOUT_RETURN_TYPE = YES_ERROR;
				GCC_WARN_UNDECLARED_SELECTOR = YES;
				GCC_WARN_UNINITIALIZED_AUTOS = YES_AGGRESSIVE;
				GCC_WARN_UNUSED_FUNCTION = YES;
				GCC_WARN_UNUSED_VARIABLE = YES;
				IPHONEOS_DEPLOYMENT_TARGET = 11.4;
				MTL_ENABLE_DEBUG_INFO = NO;
				SDKROOT = iphoneos;
				SWIFT_COMPILATION_MODE = wholemodule;
				SWIFT_OPTIMIZATION_LEVEL = "-O";
				VALIDATE_PRODUCT = YES;
			};
			name = Release;
		};
		CFA0780920E3E22B0058018D /* Debug */ = {
			isa = XCBuildConfiguration;
			baseConfigurationReference = 44D4F4E124A1BA88BFACB138 /* Pods-share.debug.xcconfig */;
			buildSettings = {
				ALWAYS_EMBED_SWIFT_STANDARD_LIBRARIES = YES;
				ASSETCATALOG_COMPILER_APPICON_NAME = AppIcon;
				CLANG_ALLOW_NON_MODULAR_INCLUDES_IN_FRAMEWORK_MODULES = YES;
				CODE_SIGN_STYLE = Automatic;
				DEVELOPMENT_TEAM = ETBLXR7UGM;
				FRAMEWORK_SEARCH_PATHS = (
					"$(inherited)",
					"$(PROJECT_DIR)/thirdSdk",
				);
				INFOPLIST_FILE = share/Info.plist;
				IPHONEOS_DEPLOYMENT_TARGET = 9.0;
				LD_RUNPATH_SEARCH_PATHS = (
					"$(inherited)",
					"@executable_path/Frameworks",
				);
				LIBRARY_SEARCH_PATHS = (
					"$(inherited)",
					"$(PROJECT_DIR)/thirdSdk",
					"$(PROJECT_DIR)/thirdSdk/libWeiboSDK",
				);
				PRODUCT_BUNDLE_IDENTIFIER = rex.me.share;
				PRODUCT_NAME = "$(TARGET_NAME)";
				SWIFT_OBJC_BRIDGING_HEADER = "share/Bridge-Header.h";
				SWIFT_VERSION = 4.0;
				TARGETED_DEVICE_FAMILY = "1,2";
			};
			name = Debug;
		};
		CFA0780A20E3E22B0058018D /* Release */ = {
			isa = XCBuildConfiguration;
			baseConfigurationReference = 501E8DEFB638E46CB77119C5 /* Pods-share.release.xcconfig */;
			buildSettings = {
				ALWAYS_EMBED_SWIFT_STANDARD_LIBRARIES = YES;
				ASSETCATALOG_COMPILER_APPICON_NAME = AppIcon;
				CLANG_ALLOW_NON_MODULAR_INCLUDES_IN_FRAMEWORK_MODULES = YES;
				CODE_SIGN_STYLE = Automatic;
				DEVELOPMENT_TEAM = ETBLXR7UGM;
				FRAMEWORK_SEARCH_PATHS = (
					"$(inherited)",
					"$(PROJECT_DIR)/thirdSdk",
				);
				INFOPLIST_FILE = share/Info.plist;
				IPHONEOS_DEPLOYMENT_TARGET = 9.0;
				LD_RUNPATH_SEARCH_PATHS = (
					"$(inherited)",
					"@executable_path/Frameworks",
				);
				LIBRARY_SEARCH_PATHS = (
					"$(inherited)",
					"$(PROJECT_DIR)/thirdSdk",
					"$(PROJECT_DIR)/thirdSdk/libWeiboSDK",
				);
				PRODUCT_BUNDLE_IDENTIFIER = rex.me.share;
				PRODUCT_NAME = "$(TARGET_NAME)";
				SWIFT_OBJC_BRIDGING_HEADER = "share/Bridge-Header.h";
				SWIFT_VERSION = 4.0;
				TARGETED_DEVICE_FAMILY = "1,2";
			};
			name = Release;
		};
		CFA0780C20E3E22B0058018D /* Debug */ = {
			isa = XCBuildConfiguration;
			buildSettings = {
				ALWAYS_EMBED_SWIFT_STANDARD_LIBRARIES = YES;
				CODE_SIGN_STYLE = Automatic;
				DEVELOPMENT_TEAM = ETBLXR7UGM;
				INFOPLIST_FILE = shareUITests/Info.plist;
				LD_RUNPATH_SEARCH_PATHS = (
					"$(inherited)",
					"@executable_path/Frameworks",
					"@loader_path/Frameworks",
				);
				PRODUCT_BUNDLE_IDENTIFIER = rex.me.shareUITests;
				PRODUCT_NAME = "$(TARGET_NAME)";
				SWIFT_VERSION = 4.0;
				TARGETED_DEVICE_FAMILY = "1,2";
				TEST_TARGET_NAME = share;
			};
			name = Debug;
		};
		CFA0780D20E3E22B0058018D /* Release */ = {
			isa = XCBuildConfiguration;
			buildSettings = {
				ALWAYS_EMBED_SWIFT_STANDARD_LIBRARIES = YES;
				CODE_SIGN_STYLE = Automatic;
				DEVELOPMENT_TEAM = ETBLXR7UGM;
				INFOPLIST_FILE = shareUITests/Info.plist;
				LD_RUNPATH_SEARCH_PATHS = (
					"$(inherited)",
					"@executable_path/Frameworks",
					"@loader_path/Frameworks",
				);
				PRODUCT_BUNDLE_IDENTIFIER = rex.me.shareUITests;
				PRODUCT_NAME = "$(TARGET_NAME)";
				SWIFT_VERSION = 4.0;
				TARGETED_DEVICE_FAMILY = "1,2";
				TEST_TARGET_NAME = share;
			};
			name = Release;
		};
/* End XCBuildConfiguration section */

/* Begin XCConfigurationList section */
		CFA077E620E3E2280058018D /* Build configuration list for PBXProject "share" */ = {
			isa = XCConfigurationList;
			buildConfigurations = (
				CFA0780620E3E22B0058018D /* Debug */,
				CFA0780720E3E22B0058018D /* Release */,
			);
			defaultConfigurationIsVisible = 0;
			defaultConfigurationName = Release;
		};
		CFA0780820E3E22B0058018D /* Build configuration list for PBXNativeTarget "share" */ = {
			isa = XCConfigurationList;
			buildConfigurations = (
				CFA0780920E3E22B0058018D /* Debug */,
				CFA0780A20E3E22B0058018D /* Release */,
			);
			defaultConfigurationIsVisible = 0;
			defaultConfigurationName = Release;
		};
		CFA0780B20E3E22B0058018D /* Build configuration list for PBXNativeTarget "shareUITests" */ = {
			isa = XCConfigurationList;
			buildConfigurations = (
				CFA0780C20E3E22B0058018D /* Debug */,
				CFA0780D20E3E22B0058018D /* Release */,
			);
			defaultConfigurationIsVisible = 0;
			defaultConfigurationName = Release;
		};
/* End XCConfigurationList section */
	};
	rootObject = CFA077E320E3E2280058018D /* Project object */;
}
