// !$*UTF8*$!
{
	archiveVersion = 1;
	classes = {
	};
	objectVersion = 50;
	objects = {

/* Begin PBXBuildFile section */
		4AA94671A8A5B12F79FE5BE0 /* Pods_share.framework in Frameworks */ = {isa = PBXBuildFile; fileRef = B1D0A233ED136D1FA6229DFE /* Pods_share.framework */; };
		BE71D23DD889B600318FD10E /* Pods_sharekit.framework in Frameworks */ = {isa = PBXBuildFile; fileRef = D41C7A60538DE066FBB32D52 /* Pods_sharekit.framework */; };
		CFA077EF20E3E2280058018D /* AppDelegate.swift in Sources */ = {isa = PBXBuildFile; fileRef = CFA077EE20E3E2280058018D /* AppDelegate.swift */; };
		CFA077F120E3E2280058018D /* ViewController.swift in Sources */ = {isa = PBXBuildFile; fileRef = CFA077F020E3E2280058018D /* ViewController.swift */; };
		CFA077F420E3E2280058018D /* Main.storyboard in Resources */ = {isa = PBXBuildFile; fileRef = CFA077F220E3E2280058018D /* Main.storyboard */; };
		CFA077F620E3E22A0058018D /* Assets.xcassets in Resources */ = {isa = PBXBuildFile; fileRef = CFA077F520E3E22A0058018D /* Assets.xcassets */; };
		CFA077F920E3E22A0058018D /* LaunchScreen.storyboard in Resources */ = {isa = PBXBuildFile; fileRef = CFA077F720E3E22A0058018D /* LaunchScreen.storyboard */; };
		CFA0780420E3E22A0058018D /* shareUITests.swift in Sources */ = {isa = PBXBuildFile; fileRef = CFA0780320E3E22A0058018D /* shareUITests.swift */; };
		CFF0819120FD910B000F5D6D /* sharekit.h in Headers */ = {isa = PBXBuildFile; fileRef = CFF0818F20FD910B000F5D6D /* sharekit.h */; settings = {ATTRIBUTES = (Public, ); }; };
		CFF0819420FD910B000F5D6D /* sharekit.framework in Frameworks */ = {isa = PBXBuildFile; fileRef = CFF0818D20FD910B000F5D6D /* sharekit.framework */; };
		CFF0819520FD910B000F5D6D /* sharekit.framework in Embed Frameworks */ = {isa = PBXBuildFile; fileRef = CFF0818D20FD910B000F5D6D /* sharekit.framework */; settings = {ATTRIBUTES = (CodeSignOnCopy, RemoveHeadersOnCopy, ); }; };
/* End PBXBuildFile section */

/* Begin PBXContainerItemProxy section */
		CFA0780020E3E22A0058018D /* PBXContainerItemProxy */ = {
			isa = PBXContainerItemProxy;
			containerPortal = CFA077E320E3E2280058018D /* Project object */;
			proxyType = 1;
			remoteGlobalIDString = CFA077EA20E3E2280058018D;
			remoteInfo = share;
		};
		CFF0819220FD910B000F5D6D /* PBXContainerItemProxy */ = {
			isa = PBXContainerItemProxy;
			containerPortal = CFA077E320E3E2280058018D /* Project object */;
			proxyType = 1;
			remoteGlobalIDString = CFF0818C20FD910B000F5D6D;
			remoteInfo = sharekit;
		};
/* End PBXContainerItemProxy section */

/* Begin PBXCopyFilesBuildPhase section */
		CFF0819920FD910B000F5D6D /* Embed Frameworks */ = {
			isa = PBXCopyFilesBuildPhase;
			buildActionMask = 2147483647;
			dstPath = "";
			dstSubfolderSpec = 10;
			files = (
				CFF0819520FD910B000F5D6D /* sharekit.framework in Embed Frameworks */,
			);
			name = "Embed Frameworks";
			runOnlyForDeploymentPostprocessing = 0;
		};
/* End PBXCopyFilesBuildPhase section */

/* Begin PBXFileReference section */
		0892D6C34671A30DCF11C1AA /* Pods-sharekit.debug.xcconfig */ = {isa = PBXFileReference; includeInIndex = 1; lastKnownFileType = text.xcconfig; name = "Pods-sharekit.debug.xcconfig"; path = "Pods/Target Support Files/Pods-sharekit/Pods-sharekit.debug.xcconfig"; sourceTree = "<group>"; };
		44D4F4E124A1BA88BFACB138 /* Pods-share.debug.xcconfig */ = {isa = PBXFileReference; includeInIndex = 1; lastKnownFileType = text.xcconfig; name = "Pods-share.debug.xcconfig"; path = "Pods/Target Support Files/Pods-share/Pods-share.debug.xcconfig"; sourceTree = "<group>"; };
		501E8DEFB638E46CB77119C5 /* Pods-share.release.xcconfig */ = {isa = PBXFileReference; includeInIndex = 1; lastKnownFileType = text.xcconfig; name = "Pods-share.release.xcconfig"; path = "Pods/Target Support Files/Pods-share/Pods-share.release.xcconfig"; sourceTree = "<group>"; };
		695A892D7ABF136A861558D8 /* Pods-sharekit.release.xcconfig */ = {isa = PBXFileReference; includeInIndex = 1; lastKnownFileType = text.xcconfig; name = "Pods-sharekit.release.xcconfig"; path = "Pods/Target Support Files/Pods-sharekit/Pods-sharekit.release.xcconfig"; sourceTree = "<group>"; };
		B1D0A233ED136D1FA6229DFE /* Pods_share.framework */ = {isa = PBXFileReference; explicitFileType = wrapper.framework; includeInIndex = 0; path = Pods_share.framework; sourceTree = BUILT_PRODUCTS_DIR; };
		CFA077EB20E3E2280058018D /* share.app */ = {isa = PBXFileReference; explicitFileType = wrapper.application; includeInIndex = 0; path = share.app; sourceTree = BUILT_PRODUCTS_DIR; };
		CFA077EE20E3E2280058018D /* AppDelegate.swift */ = {isa = PBXFileReference; lastKnownFileType = sourcecode.swift; path = AppDelegate.swift; sourceTree = "<group>"; };
		CFA077F020E3E2280058018D /* ViewController.swift */ = {isa = PBXFileReference; lastKnownFileType = sourcecode.swift; path = ViewController.swift; sourceTree = "<group>"; };
		CFA077F320E3E2280058018D /* Base */ = {isa = PBXFileReference; lastKnownFileType = file.storyboard; name = Base; path = Base.lproj/Main.storyboard; sourceTree = "<group>"; };
		CFA077F520E3E22A0058018D /* Assets.xcassets */ = {isa = PBXFileReference; lastKnownFileType = folder.assetcatalog; path = Assets.xcassets; sourceTree = "<group>"; };
		CFA077F820E3E22A0058018D /* Base */ = {isa = PBXFileReference; lastKnownFileType = file.storyboard; name = Base; path = Base.lproj/LaunchScreen.storyboard; sourceTree = "<group>"; };
		CFA077FA20E3E22A0058018D /* Info.plist */ = {isa = PBXFileReference; lastKnownFileType = text.plist.xml; path = Info.plist; sourceTree = "<group>"; };
		CFA077FF20E3E22A0058018D /* shareUITests.xctest */ = {isa = PBXFileReference; explicitFileType = wrapper.cfbundle; includeInIndex = 0; path = shareUITests.xctest; sourceTree = BUILT_PRODUCTS_DIR; };
		CFA0780320E3E22A0058018D /* shareUITests.swift */ = {isa = PBXFileReference; lastKnownFileType = sourcecode.swift; path = shareUITests.swift; sourceTree = "<group>"; };
		CFA0780520E3E22B0058018D /* Info.plist */ = {isa = PBXFileReference; lastKnownFileType = text.plist.xml; path = Info.plist; sourceTree = "<group>"; };
		CFF0818D20FD910B000F5D6D /* sharekit.framework */ = {isa = PBXFileReference; explicitFileType = wrapper.framework; includeInIndex = 0; path = sharekit.framework; sourceTree = BUILT_PRODUCTS_DIR; };
		CFF0818F20FD910B000F5D6D /* sharekit.h */ = {isa = PBXFileReference; lastKnownFileType = sourcecode.c.h; path = sharekit.h; sourceTree = "<group>"; };
		CFF0819020FD910B000F5D6D /* Info.plist */ = {isa = PBXFileReference; lastKnownFileType = text.plist.xml; path = Info.plist; sourceTree = "<group>"; };
		D41C7A60538DE066FBB32D52 /* Pods_sharekit.framework */ = {isa = PBXFileReference; explicitFileType = wrapper.framework; includeInIndex = 0; path = Pods_sharekit.framework; sourceTree = BUILT_PRODUCTS_DIR; };
/* End PBXFileReference section */

/* Begin PBXFrameworksBuildPhase section */
		CFA077E820E3E2280058018D /* Frameworks */ = {
			isa = PBXFrameworksBuildPhase;
			buildActionMask = 2147483647;
			files = (
				CFF0819420FD910B000F5D6D /* sharekit.framework in Frameworks */,
				4AA94671A8A5B12F79FE5BE0 /* Pods_share.framework in Frameworks */,
			);
			runOnlyForDeploymentPostprocessing = 0;
		};
		CFA077FC20E3E22A0058018D /* Frameworks */ = {
			isa = PBXFrameworksBuildPhase;
			buildActionMask = 2147483647;
			files = (
			);
			runOnlyForDeploymentPostprocessing = 0;
		};
		CFF0818920FD910B000F5D6D /* Frameworks */ = {
			isa = PBXFrameworksBuildPhase;
			buildActionMask = 2147483647;
			files = (
				BE71D23DD889B600318FD10E /* Pods_sharekit.framework in Frameworks */,
			);
			runOnlyForDeploymentPostprocessing = 0;
		};
/* End PBXFrameworksBuildPhase section */

/* Begin PBXGroup section */
		6260FF85D91CD02E2F1B0C15 /* Pods */ = {
			isa = PBXGroup;
			children = (
				44D4F4E124A1BA88BFACB138 /* Pods-share.debug.xcconfig */,
				501E8DEFB638E46CB77119C5 /* Pods-share.release.xcconfig */,
				0892D6C34671A30DCF11C1AA /* Pods-sharekit.debug.xcconfig */,
				695A892D7ABF136A861558D8 /* Pods-sharekit.release.xcconfig */,
			);
			name = Pods;
			sourceTree = "<group>";
		};
		CFA077E220E3E2280058018D = {
			isa = PBXGroup;
			children = (
				CFA077ED20E3E2280058018D /* share */,
				CFA0780220E3E22A0058018D /* shareUITests */,
				CFF0818E20FD910B000F5D6D /* sharekit */,
				CFA077EC20E3E2280058018D /* Products */,
				6260FF85D91CD02E2F1B0C15 /* Pods */,
				E5A0906A306A9995F7A10ECA /* Frameworks */,
			);
			sourceTree = "<group>";
		};
		CFA077EC20E3E2280058018D /* Products */ = {
			isa = PBXGroup;
			children = (
				CFA077EB20E3E2280058018D /* share.app */,
				CFA077FF20E3E22A0058018D /* shareUITests.xctest */,
				CFF0818D20FD910B000F5D6D /* sharekit.framework */,
			);
			name = Products;
			sourceTree = "<group>";
		};
		CFA077ED20E3E2280058018D /* share */ = {
			isa = PBXGroup;
			children = (
				CFA077EE20E3E2280058018D /* AppDelegate.swift */,
				CFA077F020E3E2280058018D /* ViewController.swift */,
				CFA077F220E3E2280058018D /* Main.storyboard */,
				CFA077F520E3E22A0058018D /* Assets.xcassets */,
				CFA077F720E3E22A0058018D /* LaunchScreen.storyboard */,
				CFA077FA20E3E22A0058018D /* Info.plist */,
			);
			path = share;
			sourceTree = "<group>";
		};
		CFA0780220E3E22A0058018D /* shareUITests */ = {
			isa = PBXGroup;
			children = (
				CFA0780320E3E22A0058018D /* shareUITests.swift */,
				CFA0780520E3E22B0058018D /* Info.plist */,
			);
			path = shareUITests;
			sourceTree = "<group>";
		};
		CFF0818E20FD910B000F5D6D /* sharekit */ = {
			isa = PBXGroup;
			children = (
				CFF0818F20FD910B000F5D6D /* sharekit.h */,
				CFF0819020FD910B000F5D6D /* Info.plist */,
			);
			path = sharekit;
			sourceTree = "<group>";
		};
		E5A0906A306A9995F7A10ECA /* Frameworks */ = {
			isa = PBXGroup;
			children = (
				B1D0A233ED136D1FA6229DFE /* Pods_share.framework */,
				D41C7A60538DE066FBB32D52 /* Pods_sharekit.framework */,
			);
			name = Frameworks;
			sourceTree = "<group>";
		};
/* End PBXGroup section */

/* Begin PBXHeadersBuildPhase section */
		CFF0818A20FD910B000F5D6D /* Headers */ = {
			isa = PBXHeadersBuildPhase;
			buildActionMask = 2147483647;
			files = (
				CFF0819120FD910B000F5D6D /* sharekit.h in Headers */,
			);
			runOnlyForDeploymentPostprocessing = 0;
		};
/* End PBXHeadersBuildPhase section */

/* Begin PBXNativeTarget section */
		CFA077EA20E3E2280058018D /* share */ = {
			isa = PBXNativeTarget;
			buildConfigurationList = CFA0780820E3E22B0058018D /* Build configuration list for PBXNativeTarget "share" */;
			buildPhases = (
				D780738EE2B47D8BDACDC6FD /* [CP] Check Pods Manifest.lock */,
				CFA077E720E3E2280058018D /* Sources */,
				CFA077E820E3E2280058018D /* Frameworks */,
				CFA077E920E3E2280058018D /* Resources */,
				CFF0819920FD910B000F5D6D /* Embed Frameworks */,
				65035BBBAA4DA19AF6A8FEA8 /* [CP] Embed Pods Frameworks */,
			);
			buildRules = (
			);
			dependencies = (
				CFF0819320FD910B000F5D6D /* PBXTargetDependency */,
			);
			name = share;
			productName = share;
			productReference = CFA077EB20E3E2280058018D /* share.app */;
			productType = "com.apple.product-type.application";
		};
		CFA077FE20E3E22A0058018D /* shareUITests */ = {
			isa = PBXNativeTarget;
			buildConfigurationList = CFA0780B20E3E22B0058018D /* Build configuration list for PBXNativeTarget "shareUITests" */;
			buildPhases = (
				CFA077FB20E3E22A0058018D /* Sources */,
				CFA077FC20E3E22A0058018D /* Frameworks */,
				CFA077FD20E3E22A0058018D /* Resources */,
			);
			buildRules = (
			);
			dependencies = (
				CFA0780120E3E22A0058018D /* PBXTargetDependency */,
			);
			name = shareUITests;
			productName = shareUITests;
			productReference = CFA077FF20E3E22A0058018D /* shareUITests.xctest */;
			productType = "com.apple.product-type.bundle.ui-testing";
		};
		CFF0818C20FD910B000F5D6D /* sharekit */ = {
			isa = PBXNativeTarget;
			buildConfigurationList = CFF0819820FD910B000F5D6D /* Build configuration list for PBXNativeTarget "sharekit" */;
			buildPhases = (
				9D67D6F777BF834D7FD60353 /* [CP] Check Pods Manifest.lock */,
				CFF0818820FD910B000F5D6D /* Sources */,
				CFF0818920FD910B000F5D6D /* Frameworks */,
				CFF0818A20FD910B000F5D6D /* Headers */,
				CFF0818B20FD910B000F5D6D /* Resources */,
			);
			buildRules = (
			);
			dependencies = (
			);
			name = sharekit;
			productName = sharekit;
			productReference = CFF0818D20FD910B000F5D6D /* sharekit.framework */;
			productType = "com.apple.product-type.framework";
		};
/* End PBXNativeTarget section */

/* Begin PBXProject section */
		CFA077E320E3E2280058018D /* Project object */ = {
			isa = PBXProject;
			attributes = {
				LastSwiftUpdateCheck = 0940;
				LastUpgradeCheck = 0940;
				ORGANIZATIONNAME = rex;
				TargetAttributes = {
					CFA077EA20E3E2280058018D = {
						CreatedOnToolsVersion = 9.4;
					};
					CFA077FE20E3E22A0058018D = {
						CreatedOnToolsVersion = 9.4;
						TestTargetID = CFA077EA20E3E2280058018D;
					};
					CFF0818C20FD910B000F5D6D = {
						CreatedOnToolsVersion = 9.4;
					};
				};
			};
			buildConfigurationList = CFA077E620E3E2280058018D /* Build configuration list for PBXProject "share" */;
			compatibilityVersion = "Xcode 9.3";
			developmentRegion = en;
			hasScannedForEncodings = 0;
			knownRegions = (
				en,
				Base,
			);
			mainGroup = CFA077E220E3E2280058018D;
			productRefGroup = CFA077EC20E3E2280058018D /* Products */;
			projectDirPath = "";
			projectRoot = "";
			targets = (
				CFA077EA20E3E2280058018D /* share */,
				CFA077FE20E3E22A0058018D /* shareUITests */,
				CFF0818C20FD910B000F5D6D /* sharekit */,
			);
		};
/* End PBXProject section */

/* Begin PBXResourcesBuildPhase section */
		CFA077E920E3E2280058018D /* Resources */ = {
			isa = PBXResourcesBuildPhase;
			buildActionMask = 2147483647;
			files = (
				CFA077F920E3E22A0058018D /* LaunchScreen.storyboard in Resources */,
				CFA077F620E3E22A0058018D /* Assets.xcassets in Resources */,
				CFA077F420E3E2280058018D /* Main.storyboard in Resources */,
			);
			runOnlyForDeploymentPostprocessing = 0;
		};
		CFA077FD20E3E22A0058018D /* Resources */ = {
			isa = PBXResourcesBuildPhase;
			buildActionMask = 2147483647;
			files = (
			);
			runOnlyForDeploymentPostprocessing = 0;
		};
		CFF0818B20FD910B000F5D6D /* Resources */ = {
			isa = PBXResourcesBuildPhase;
			buildActionMask = 2147483647;
			files = (
			);
			runOnlyForDeploymentPostprocessing = 0;
		};
/* End PBXResourcesBuildPhase section */

/* Begin PBXShellScriptBuildPhase section */
		65035BBBAA4DA19AF6A8FEA8 /* [CP] Embed Pods Frameworks */ = {
			isa = PBXShellScriptBuildPhase;
			buildActionMask = 2147483647;
			files = (
			);
			inputPaths = (
				"${SRCROOT}/Pods/Target Support Files/Pods-share/Pods-share-frameworks.sh",
				"${BUILT_PRODUCTS_DIR}/Bolts/Bolts.framework",
				"${BUILT_PRODUCTS_DIR}/FBSDKCoreKit/FBSDKCoreKit.framework",
				"${BUILT_PRODUCTS_DIR}/FBSDKShareKit/FBSDKShareKit.framework",
				"${BUILT_PRODUCTS_DIR}/Flurry-iOS-SDK/Flurry_iOS_SDK.framework",
			);
			name = "[CP] Embed Pods Frameworks";
			outputPaths = (
				"${TARGET_BUILD_DIR}/${FRAMEWORKS_FOLDER_PATH}/Bolts.framework",
				"${TARGET_BUILD_DIR}/${FRAMEWORKS_FOLDER_PATH}/FBSDKCoreKit.framework",
				"${TARGET_BUILD_DIR}/${FRAMEWORKS_FOLDER_PATH}/FBSDKShareKit.framework",
				"${TARGET_BUILD_DIR}/${FRAMEWORKS_FOLDER_PATH}/Flurry_iOS_SDK.framework",
			);
			runOnlyForDeploymentPostprocessing = 0;
			shellPath = /bin/sh;
			shellScript = "\"${SRCROOT}/Pods/Target Support Files/Pods-share/Pods-share-frameworks.sh\"\n";
			showEnvVarsInLog = 0;
		};
		9D67D6F777BF834D7FD60353 /* [CP] Check Pods Manifest.lock */ = {
			isa = PBXShellScriptBuildPhase;
			buildActionMask = 2147483647;
			files = (
			);
			inputPaths = (
				"${PODS_PODFILE_DIR_PATH}/Podfile.lock",
				"${PODS_ROOT}/Manifest.lock",
			);
			name = "[CP] Check Pods Manifest.lock";
			outputPaths = (
				"$(DERIVED_FILE_DIR)/Pods-sharekit-checkManifestLockResult.txt",
			);
			runOnlyForDeploymentPostprocessing = 0;
			shellPath = /bin/sh;
			shellScript = "diff \"${PODS_PODFILE_DIR_PATH}/Podfile.lock\" \"${PODS_ROOT}/Manifest.lock\" > /dev/null\nif [ $? != 0 ] ; then\n    # print error to STDERR\n    echo \"error: The sandbox is not in sync with the Podfile.lock. Run 'pod install' or update your CocoaPods installation.\" >&2\n    exit 1\nfi\n# This output is used by Xcode 'outputs' to avoid re-running this script phase.\necho \"SUCCESS\" > \"${SCRIPT_OUTPUT_FILE_0}\"\n";
			showEnvVarsInLog = 0;
		};
		D780738EE2B47D8BDACDC6FD /* [CP] Check Pods Manifest.lock */ = {
			isa = PBXShellScriptBuildPhase;
			buildActionMask = 2147483647;
			files = (
			);
			inputPaths = (
				"${PODS_PODFILE_DIR_PATH}/Podfile.lock",
				"${PODS_ROOT}/Manifest.lock",
			);
			name = "[CP] Check Pods Manifest.lock";
			outputPaths = (
				"$(DERIVED_FILE_DIR)/Pods-share-checkManifestLockResult.txt",
			);
			runOnlyForDeploymentPostprocessing = 0;
			shellPath = /bin/sh;
			shellScript = "diff \"${PODS_PODFILE_DIR_PATH}/Podfile.lock\" \"${PODS_ROOT}/Manifest.lock\" > /dev/null\nif [ $? != 0 ] ; then\n    # print error to STDERR\n    echo \"error: The sandbox is not in sync with the Podfile.lock. Run 'pod install' or update your CocoaPods installation.\" >&2\n    exit 1\nfi\n# This output is used by Xcode 'outputs' to avoid re-running this script phase.\necho \"SUCCESS\" > \"${SCRIPT_OUTPUT_FILE_0}\"\n";
			showEnvVarsInLog = 0;
		};
/* End PBXShellScriptBuildPhase section */

/* Begin PBXSourcesBuildPhase section */
		CFA077E720E3E2280058018D /* Sources */ = {
			isa = PBXSourcesBuildPhase;
			buildActionMask = 2147483647;
			files = (
				CFA077F120E3E2280058018D /* ViewController.swift in Sources */,
				CFA077EF20E3E2280058018D /* AppDelegate.swift in Sources */,
			);
			runOnlyForDeploymentPostprocessing = 0;
		};
		CFA077FB20E3E22A0058018D /* Sources */ = {
			isa = PBXSourcesBuildPhase;
			buildActionMask = 2147483647;
			files = (
				CFA0780420E3E22A0058018D /* shareUITests.swift in Sources */,
			);
			runOnlyForDeploymentPostprocessing = 0;
		};
		CFF0818820FD910B000F5D6D /* Sources */ = {
			isa = PBXSourcesBuildPhase;
			buildActionMask = 2147483647;
			files = (
			);
			runOnlyForDeploymentPostprocessing = 0;
		};
/* End PBXSourcesBuildPhase section */

/* Begin PBXTargetDependency section */
		CFA0780120E3E22A0058018D /* PBXTargetDependency */ = {
			isa = PBXTargetDependency;
			target = CFA077EA20E3E2280058018D /* share */;
			targetProxy = CFA0780020E3E22A0058018D /* PBXContainerItemProxy */;
		};
		CFF0819320FD910B000F5D6D /* PBXTargetDependency */ = {
			isa = PBXTargetDependency;
			target = CFF0818C20FD910B000F5D6D /* sharekit */;
			targetProxy = CFF0819220FD910B000F5D6D /* PBXContainerItemProxy */;
		};
/* End PBXTargetDependency section */

/* Begin PBXVariantGroup section */
		CFA077F220E3E2280058018D /* Main.storyboard */ = {
			isa = PBXVariantGroup;
			children = (
				CFA077F320E3E2280058018D /* Base */,
			);
			name = Main.storyboard;
			sourceTree = "<group>";
		};
		CFA077F720E3E22A0058018D /* LaunchScreen.storyboard */ = {
			isa = PBXVariantGroup;
			children = (
				CFA077F820E3E22A0058018D /* Base */,
			);
			name = LaunchScreen.storyboard;
			sourceTree = "<group>";
		};
/* End PBXVariantGroup section */

/* Begin XCBuildConfiguration section */
		CFA0780620E3E22B0058018D /* Debug */ = {
			isa = XCBuildConfiguration;
			buildSettings = {
				ALWAYS_SEARCH_USER_PATHS = NO;
				CLANG_ANALYZER_NONNULL = YES;
				CLANG_ANALYZER_NUMBER_OBJECT_CONVERSION = YES_AGGRESSIVE;
				CLANG_CXX_LANGUAGE_STANDARD = "gnu++14";
				CLANG_CXX_LIBRARY = "libc++";
				CLANG_ENABLE_MODULES = YES;
				CLANG_ENABLE_OBJC_ARC = YES;
				CLANG_ENABLE_OBJC_WEAK = YES;
				CLANG_WARN_BLOCK_CAPTURE_AUTORELEASING = YES;
				CLANG_WARN_BOOL_CONVERSION = YES;
				CLANG_WARN_COMMA = YES;
				CLANG_WARN_CONSTANT_CONVERSION = YES;
				CLANG_WARN_DEPRECATED_OBJC_IMPLEMENTATIONS = YES;
				CLANG_WARN_DIRECT_OBJC_ISA_USAGE = YES_ERROR;
				CLANG_WARN_DOCUMENTATION_COMMENTS = YES;
				CLANG_WARN_EMPTY_BODY = YES;
				CLANG_WARN_ENUM_CONVERSION = YES;
				CLANG_WARN_INFINITE_RECURSION = YES;
				CLANG_WARN_INT_CONVERSION = YES;
				CLANG_WARN_NON_LITERAL_NULL_CONVERSION = YES;
				CLANG_WARN_OBJC_IMPLICIT_RETAIN_SELF = YES;
				CLANG_WARN_OBJC_LITERAL_CONVERSION = YES;
				CLANG_WARN_OBJC_ROOT_CLASS = YES_ERROR;
				CLANG_WARN_RANGE_LOOP_ANALYSIS = YES;
				CLANG_WARN_STRICT_PROTOTYPES = YES;
				CLANG_WARN_SUSPICIOUS_MOVE = YES;
				CLANG_WARN_UNGUARDED_AVAILABILITY = YES_AGGRESSIVE;
				CLANG_WARN_UNREACHABLE_CODE = YES;
				CLANG_WARN__DUPLICATE_METHOD_MATCH = YES;
				CODE_SIGN_IDENTITY = "iPhone Developer";
				COPY_PHASE_STRIP = NO;
				DEBUG_INFORMATION_FORMAT = dwarf;
				ENABLE_STRICT_OBJC_MSGSEND = YES;
				ENABLE_TESTABILITY = YES;
				GCC_C_LANGUAGE_STANDARD = gnu11;
				GCC_DYNAMIC_NO_PIC = NO;
				GCC_NO_COMMON_BLOCKS = YES;
				GCC_OPTIMIZATION_LEVEL = 0;
				GCC_PREPROCESSOR_DEFINITIONS = (
					"DEBUG=1",
					"$(inherited)",
				);
				GCC_WARN_64_TO_32_BIT_CONVERSION = YES;
				GCC_WARN_ABOUT_RETURN_TYPE = YES_ERROR;
				GCC_WARN_UNDECLARED_SELECTOR = YES;
				GCC_WARN_UNINITIALIZED_AUTOS = YES_AGGRESSIVE;
				GCC_WARN_UNUSED_FUNCTION = YES;
				GCC_WARN_UNUSED_VARIABLE = YES;
				IPHONEOS_DEPLOYMENT_TARGET = 11.4;
				MTL_ENABLE_DEBUG_INFO = YES;
				ONLY_ACTIVE_ARCH = YES;
				SDKROOT = iphoneos;
				SWIFT_ACTIVE_COMPILATION_CONDITIONS = DEBUG;
				SWIFT_OPTIMIZATION_LEVEL = "-Onone";
			};
			name = Debug;
		};
		CFA0780720E3E22B0058018D /* Release */ = {
			isa = XCBuildConfiguration;
			buildSettings = {
				ALWAYS_SEARCH_USER_PATHS = NO;
				CLANG_ANALYZER_NONNULL = YES;
				CLANG_ANALYZER_NUMBER_OBJECT_CONVERSION = YES_AGGRESSIVE;
				CLANG_CXX_LANGUAGE_STANDARD = "gnu++14";
				CLANG_CXX_LIBRARY = "libc++";
				CLANG_ENABLE_MODULES = YES;
				CLANG_ENABLE_OBJC_ARC = YES;
				CLANG_ENABLE_OBJC_WEAK = YES;
				CLANG_WARN_BLOCK_CAPTURE_AUTORELEASING = YES;
				CLANG_WARN_BOOL_CONVERSION = YES;
				CLANG_WARN_COMMA = YES;
				CLANG_WARN_CONSTANT_CONVERSION = YES;
				CLANG_WARN_DEPRECATED_OBJC_IMPLEMENTATIONS = YES;
				CLANG_WARN_DIRECT_OBJC_ISA_USAGE = YES_ERROR;
				CLANG_WARN_DOCUMENTATION_COMMENTS = YES;
				CLANG_WARN_EMPTY_BODY = YES;
				CLANG_WARN_ENUM_CONVERSION = YES;
				CLANG_WARN_INFINITE_RECURSION = YES;
				CLANG_WARN_INT_CONVERSION = YES;
				CLANG_WARN_NON_LITERAL_NULL_CONVERSION = YES;
				CLANG_WARN_OBJC_IMPLICIT_RETAIN_SELF = YES;
				CLANG_WARN_OBJC_LITERAL_CONVERSION = YES;
				CLANG_WARN_OBJC_ROOT_CLASS = YES_ERROR;
				CLANG_WARN_RANGE_LOOP_ANALYSIS = YES;
				CLANG_WARN_STRICT_PROTOTYPES = YES;
				CLANG_WARN_SUSPICIOUS_MOVE = YES;
				CLANG_WARN_UNGUARDED_AVAILABILITY = YES_AGGRESSIVE;
				CLANG_WARN_UNREACHABLE_CODE = YES;
				CLANG_WARN__DUPLICATE_METHOD_MATCH = YES;
				CODE_SIGN_IDENTITY = "iPhone Developer";
				COPY_PHASE_STRIP = NO;
				DEBUG_INFORMATION_FORMAT = "dwarf-with-dsym";
				ENABLE_NS_ASSERTIONS = NO;
				ENABLE_STRICT_OBJC_MSGSEND = YES;
				GCC_C_LANGUAGE_STANDARD = gnu11;
				GCC_NO_COMMON_BLOCKS = YES;
				GCC_WARN_64_TO_32_BIT_CONVERSION = YES;
				GCC_WARN_ABOUT_RETURN_TYPE = YES_ERROR;
				GCC_WARN_UNDECLARED_SELECTOR = YES;
				GCC_WARN_UNINITIALIZED_AUTOS = YES_AGGRESSIVE;
				GCC_WARN_UNUSED_FUNCTION = YES;
				GCC_WARN_UNUSED_VARIABLE = YES;
				IPHONEOS_DEPLOYMENT_TARGET = 11.4;
				MTL_ENABLE_DEBUG_INFO = NO;
				SDKROOT = iphoneos;
				SWIFT_COMPILATION_MODE = wholemodule;
				SWIFT_OPTIMIZATION_LEVEL = "-O";
				VALIDATE_PRODUCT = YES;
			};
			name = Release;
		};
		CFA0780920E3E22B0058018D /* Debug */ = {
			isa = XCBuildConfiguration;
			baseConfigurationReference = 44D4F4E124A1BA88BFACB138 /* Pods-share.debug.xcconfig */;
			buildSettings = {
				ASSETCATALOG_COMPILER_APPICON_NAME = AppIcon;
				CODE_SIGN_STYLE = Automatic;
				DEVELOPMENT_TEAM = ETBLXR7UGM;
				INFOPLIST_FILE = share/Info.plist;
				LD_RUNPATH_SEARCH_PATHS = (
					"$(inherited)",
					"@executable_path/Frameworks",
				);
				PRODUCT_BUNDLE_IDENTIFIER = rex.me.share;
				PRODUCT_NAME = "$(TARGET_NAME)";
				SWIFT_VERSION = 4.0;
				TARGETED_DEVICE_FAMILY = "1,2";
			};
			name = Debug;
		};
		CFA0780A20E3E22B0058018D /* Release */ = {
			isa = XCBuildConfiguration;
			baseConfigurationReference = 501E8DEFB638E46CB77119C5 /* Pods-share.release.xcconfig */;
			buildSettings = {
				ASSETCATALOG_COMPILER_APPICON_NAME = AppIcon;
				CODE_SIGN_STYLE = Automatic;
				DEVELOPMENT_TEAM = ETBLXR7UGM;
				INFOPLIST_FILE = share/Info.plist;
				LD_RUNPATH_SEARCH_PATHS = (
					"$(inherited)",
					"@executable_path/Frameworks",
				);
				PRODUCT_BUNDLE_IDENTIFIER = rex.me.share;
				PRODUCT_NAME = "$(TARGET_NAME)";
				SWIFT_VERSION = 4.0;
				TARGETED_DEVICE_FAMILY = "1,2";
			};
			name = Release;
		};
		CFA0780C20E3E22B0058018D /* Debug */ = {
			isa = XCBuildConfiguration;
			buildSettings = {
				ALWAYS_EMBED_SWIFT_STANDARD_LIBRARIES = YES;
				CODE_SIGN_STYLE = Automatic;
				DEVELOPMENT_TEAM = ETBLXR7UGM;
				INFOPLIST_FILE = shareUITests/Info.plist;
				LD_RUNPATH_SEARCH_PATHS = (
					"$(inherited)",
					"@executable_path/Frameworks",
					"@loader_path/Frameworks",
				);
				PRODUCT_BUNDLE_IDENTIFIER = rex.me.shareUITests;
				PRODUCT_NAME = "$(TARGET_NAME)";
				SWIFT_VERSION = 4.0;
				TARGETED_DEVICE_FAMILY = "1,2";
				TEST_TARGET_NAME = share;
			};
			name = Debug;
		};
		CFA0780D20E3E22B0058018D /* Release */ = {
			isa = XCBuildConfiguration;
			buildSettings = {
				ALWAYS_EMBED_SWIFT_STANDARD_LIBRARIES = YES;
				CODE_SIGN_STYLE = Automatic;
				DEVELOPMENT_TEAM = ETBLXR7UGM;
				INFOPLIST_FILE = shareUITests/Info.plist;
				LD_RUNPATH_SEARCH_PATHS = (
					"$(inherited)",
					"@executable_path/Frameworks",
					"@loader_path/Frameworks",
				);
				PRODUCT_BUNDLE_IDENTIFIER = rex.me.shareUITests;
				PRODUCT_NAME = "$(TARGET_NAME)";
				SWIFT_VERSION = 4.0;
				TARGETED_DEVICE_FAMILY = "1,2";
				TEST_TARGET_NAME = share;
			};
			name = Release;
		};
		CFF0819620FD910B000F5D6D /* Debug */ = {
			isa = XCBuildConfiguration;
			baseConfigurationReference = 0892D6C34671A30DCF11C1AA /* Pods-sharekit.debug.xcconfig */;
			buildSettings = {
				CODE_SIGN_IDENTITY = "";
				CODE_SIGN_STYLE = Automatic;
				CURRENT_PROJECT_VERSION = 1;
				DEFINES_MODULE = YES;
				DEVELOPMENT_TEAM = ETBLXR7UGM;
				DYLIB_COMPATIBILITY_VERSION = 1;
				DYLIB_CURRENT_VERSION = 1;
				DYLIB_INSTALL_NAME_BASE = "@rpath";
				INFOPLIST_FILE = sharekit/Info.plist;
				INSTALL_PATH = "$(LOCAL_LIBRARY_DIR)/Frameworks";
				LD_RUNPATH_SEARCH_PATHS = (
					"$(inherited)",
					"@executable_path/Frameworks",
					"@loader_path/Frameworks",
				);
				MACH_O_TYPE = staticlib;
				PRODUCT_BUNDLE_IDENTIFIER = rex.me.sharekit;
				PRODUCT_NAME = "$(TARGET_NAME:c99extidentifier)";
				SKIP_INSTALL = YES;
				SWIFT_VERSION = 4.0;
				TARGETED_DEVICE_FAMILY = "1,2";
				VERSIONING_SYSTEM = "apple-generic";
				VERSION_INFO_PREFIX = "";
			};
			name = Debug;
		};
		CFF0819720FD910B000F5D6D /* Release */ = {
			isa = XCBuildConfiguration;
			baseConfigurationReference = 695A892D7ABF136A861558D8 /* Pods-sharekit.release.xcconfig */;
			buildSettings = {
				CODE_SIGN_IDENTITY = "";
				CODE_SIGN_STYLE = Automatic;
				CURRENT_PROJECT_VERSION = 1;
				DEFINES_MODULE = YES;
				DEVELOPMENT_TEAM = ETBLXR7UGM;
				DYLIB_COMPATIBILITY_VERSION = 1;
				DYLIB_CURRENT_VERSION = 1;
				DYLIB_INSTALL_NAME_BASE = "@rpath";
				INFOPLIST_FILE = sharekit/Info.plist;
				INSTALL_PATH = "$(LOCAL_LIBRARY_DIR)/Frameworks";
				LD_RUNPATH_SEARCH_PATHS = (
					"$(inherited)",
					"@executable_path/Frameworks",
					"@loader_path/Frameworks",
				);
				MACH_O_TYPE = staticlib;
				PRODUCT_BUNDLE_IDENTIFIER = rex.me.sharekit;
				PRODUCT_NAME = "$(TARGET_NAME:c99extidentifier)";
				SKIP_INSTALL = YES;
				SWIFT_VERSION = 4.0;
				TARGETED_DEVICE_FAMILY = "1,2";
				VERSIONING_SYSTEM = "apple-generic";
				VERSION_INFO_PREFIX = "";
			};
			name = Release;
		};
/* End XCBuildConfiguration section */

/* Begin XCConfigurationList section */
		CFA077E620E3E2280058018D /* Build configuration list for PBXProject "share" */ = {
			isa = XCConfigurationList;
			buildConfigurations = (
				CFA0780620E3E22B0058018D /* Debug */,
				CFA0780720E3E22B0058018D /* Release */,
			);
			defaultConfigurationIsVisible = 0;
			defaultConfigurationName = Release;
		};
		CFA0780820E3E22B0058018D /* Build configuration list for PBXNativeTarget "share" */ = {
			isa = XCConfigurationList;
			buildConfigurations = (
				CFA0780920E3E22B0058018D /* Debug */,
				CFA0780A20E3E22B0058018D /* Release */,
			);
			defaultConfigurationIsVisible = 0;
			defaultConfigurationName = Release;
		};
		CFA0780B20E3E22B0058018D /* Build configuration list for PBXNativeTarget "shareUITests" */ = {
			isa = XCConfigurationList;
			buildConfigurations = (
				CFA0780C20E3E22B0058018D /* Debug */,
				CFA0780D20E3E22B0058018D /* Release */,
			);
			defaultConfigurationIsVisible = 0;
			defaultConfigurationName = Release;
		};
		CFF0819820FD910B000F5D6D /* Build configuration list for PBXNativeTarget "sharekit" */ = {
			isa = XCConfigurationList;
			buildConfigurations = (
				CFF0819620FD910B000F5D6D /* Debug */,
				CFF0819720FD910B000F5D6D /* Release */,
			);
			defaultConfigurationIsVisible = 0;
			defaultConfigurationName = Release;
		};
/* End XCConfigurationList section */
	};
	rootObject = CFA077E320E3E2280058018D /* Project object */;
}
